
Microsoft Visual Studio Solution File, Format Version 12.00
# Visual Studio Version 17
VisualStudioVersion = 17.6.33815.320
MinimumVisualStudioVersion = 10.0.40219.1
Project("{2150E333-8FDC-42A3-9474-1A3956D46DE8}") = "Solution Items", "Solution Items", "{032617C3-AB84-45F2-9095-2E73CDACD13A}"
	ProjectSection(SolutionItems) = preProject
		Readme.md = Readme.md
	EndProjectSection
EndProject
Project("{9A19103F-16F7-4668-BE54-9A1E7A4F7556}") = "Arrow.DeveloperTest.Infrastructure", "Arrow.DeveloperTest.Repository\Arrow.DeveloperTest.Infrastructure.csproj", "{90EA171A-03B4-4D06-BCF8-3B07FBE97146}"
EndProject
Project("{9A19103F-16F7-4668-BE54-9A1E7A4F7556}") = "Arrow.DeveloperTest.Domain", "Arrow.DeveloperTest.Domain\Arrow.DeveloperTest.Domain.csproj", "{11223EC0-B192-42DE-95E4-4749327BA8D2}"
EndProject
Project("{9A19103F-16F7-4668-BE54-9A1E7A4F7556}") = "Arrow.DeveloperTest.Application", "Arrow.DeveloperTest.Application\Arrow.DeveloperTest.Application.csproj", "{D0693700-FEA1-4327-9F47-112E213F0D67}"
EndProject
Project("{2150E333-8FDC-42A3-9474-1A3956D46DE8}") = "Test", "Test", "{983DD3D9-2F13-4CA3-9F93-038AAA803110}"
EndProject
Project("{9A19103F-16F7-4668-BE54-9A1E7A4F7556}") = "Arrow.DeveloperTest.Shared", "Arrow.DeveloperTest.Shared\Arrow.DeveloperTest.Shared.csproj", "{7C4A403C-32C3-4D04-9DA8-7C01725FE6AB}"
EndProject
Project("{9A19103F-16F7-4668-BE54-9A1E7A4F7556}") = "Arrow.DeveloperTest.Common", "Arrow.DeveloperTest.Common\Arrow.DeveloperTest.Common.csproj", "{EC0EE621-F050-450F-87C3-7A9E2EED27F0}"
EndProject
Project("{9A19103F-16F7-4668-BE54-9A1E7A4F7556}") = "Arrow.DeveloperTest.Runner.Api", "Arrow.DeveloperTest.Runner.Api\Arrow.DeveloperTest.Runner.Api.csproj", "{1E6D7CF7-2AA4-4173-9154-0D567D423707}"
EndProject
Project("{9A19103F-16F7-4668-BE54-9A1E7A4F7556}") = "Arrow.DeveloperTest.Tests", "Arrow.DeveloperTest.Tests\Arrow.DeveloperTest.Tests.csproj", "{412C2694-A808-4227-B069-981806FF70E1}"
EndProject
Global
	GlobalSection(SolutionConfigurationPlatforms) = preSolution
		Debug|Any CPU = Debug|Any CPU
		Debug|x64 = Debug|x64
		Debug|x86 = Debug|x86
		Release|Any CPU = Release|Any CPU
		Release|x64 = Release|x64
		Release|x86 = Release|x86
	EndGlobalSection
	GlobalSection(ProjectConfigurationPlatforms) = postSolution
		{90EA171A-03B4-4D06-BCF8-3B07FBE97146}.Debug|Any CPU.ActiveCfg = Debug|Any CPU
		{90EA171A-03B4-4D06-BCF8-3B07FBE97146}.Debug|Any CPU.Build.0 = Debug|Any CPU
		{90EA171A-03B4-4D06-BCF8-3B07FBE97146}.Debug|x64.ActiveCfg = Debug|Any CPU
		{90EA171A-03B4-4D06-BCF8-3B07FBE97146}.Debug|x64.Build.0 = Debug|Any CPU
		{90EA171A-03B4-4D06-BCF8-3B07FBE97146}.Debug|x86.ActiveCfg = Debug|Any CPU
		{90EA171A-03B4-4D06-BCF8-3B07FBE97146}.Debug|x86.Build.0 = Debug|Any CPU
		{90EA171A-03B4-4D06-BCF8-3B07FBE97146}.Release|Any CPU.ActiveCfg = Release|Any CPU
		{90EA171A-03B4-4D06-BCF8-3B07FBE97146}.Release|Any CPU.Build.0 = Release|Any CPU
		{90EA171A-03B4-4D06-BCF8-3B07FBE97146}.Release|x64.ActiveCfg = Release|Any CPU
		{90EA171A-03B4-4D06-BCF8-3B07FBE97146}.Release|x64.Build.0 = Release|Any CPU
		{90EA171A-03B4-4D06-BCF8-3B07FBE97146}.Release|x86.ActiveCfg = Release|Any CPU
		{90EA171A-03B4-4D06-BCF8-3B07FBE97146}.Release|x86.Build.0 = Release|Any CPU
		{11223EC0-B192-42DE-95E4-4749327BA8D2}.Debug|Any CPU.ActiveCfg = Debug|Any CPU
		{11223EC0-B192-42DE-95E4-4749327BA8D2}.Debug|Any CPU.Build.0 = Debug|Any CPU
		{11223EC0-B192-42DE-95E4-4749327BA8D2}.Debug|x64.ActiveCfg = Debug|Any CPU
		{11223EC0-B192-42DE-95E4-4749327BA8D2}.Debug|x64.Build.0 = Debug|Any CPU
		{11223EC0-B192-42DE-95E4-4749327BA8D2}.Debug|x86.ActiveCfg = Debug|Any CPU
		{11223EC0-B192-42DE-95E4-4749327BA8D2}.Debug|x86.Build.0 = Debug|Any CPU
		{11223EC0-B192-42DE-95E4-4749327BA8D2}.Release|Any CPU.ActiveCfg = Release|Any CPU
		{11223EC0-B192-42DE-95E4-4749327BA8D2}.Release|Any CPU.Build.0 = Release|Any CPU
		{11223EC0-B192-42DE-95E4-4749327BA8D2}.Release|x64.ActiveCfg = Release|Any CPU
		{11223EC0-B192-42DE-95E4-4749327BA8D2}.Release|x64.Build.0 = Release|Any CPU
		{11223EC0-B192-42DE-95E4-4749327BA8D2}.Release|x86.ActiveCfg = Release|Any CPU
		{11223EC0-B192-42DE-95E4-4749327BA8D2}.Release|x86.Build.0 = Release|Any CPU
		{D0693700-FEA1-4327-9F47-112E213F0D67}.Debug|Any CPU.ActiveCfg = Debug|Any CPU
		{D0693700-FEA1-4327-9F47-112E213F0D67}.Debug|Any CPU.Build.0 = Debug|Any CPU
		{D0693700-FEA1-4327-9F47-112E213F0D67}.Debug|x64.ActiveCfg = Debug|Any CPU
		{D0693700-FEA1-4327-9F47-112E213F0D67}.Debug|x64.Build.0 = Debug|Any CPU
		{D0693700-FEA1-4327-9F47-112E213F0D67}.Debug|x86.ActiveCfg = Debug|Any CPU
		{D0693700-FEA1-4327-9F47-112E213F0D67}.Debug|x86.Build.0 = Debug|Any CPU
		{D0693700-FEA1-4327-9F47-112E213F0D67}.Release|Any CPU.ActiveCfg = Release|Any CPU
		{D0693700-FEA1-4327-9F47-112E213F0D67}.Release|Any CPU.Build.0 = Release|Any CPU
		{D0693700-FEA1-4327-9F47-112E213F0D67}.Release|x64.ActiveCfg = Release|Any CPU
		{D0693700-FEA1-4327-9F47-112E213F0D67}.Release|x64.Build.0 = Release|Any CPU
		{D0693700-FEA1-4327-9F47-112E213F0D67}.Release|x86.ActiveCfg = Release|Any CPU
		{D0693700-FEA1-4327-9F47-112E213F0D67}.Release|x86.Build.0 = Release|Any CPU
		{7C4A403C-32C3-4D04-9DA8-7C01725FE6AB}.Debug|Any CPU.ActiveCfg = Debug|Any CPU
		{7C4A403C-32C3-4D04-9DA8-7C01725FE6AB}.Debug|Any CPU.Build.0 = Debug|Any CPU
		{7C4A403C-32C3-4D04-9DA8-7C01725FE6AB}.Debug|x64.ActiveCfg = Debug|Any CPU
		{7C4A403C-32C3-4D04-9DA8-7C01725FE6AB}.Debug|x64.Build.0 = Debug|Any CPU
		{7C4A403C-32C3-4D04-9DA8-7C01725FE6AB}.Debug|x86.ActiveCfg = Debug|Any CPU
		{7C4A403C-32C3-4D04-9DA8-7C01725FE6AB}.Debug|x86.Build.0 = Debug|Any CPU
		{7C4A403C-32C3-4D04-9DA8-7C01725FE6AB}.Release|Any CPU.ActiveCfg = Release|Any CPU
		{7C4A403C-32C3-4D04-9DA8-7C01725FE6AB}.Release|Any CPU.Build.0 = Release|Any CPU
		{7C4A403C-32C3-4D04-9DA8-7C01725FE6AB}.Release|x64.ActiveCfg = Release|Any CPU
		{7C4A403C-32C3-4D04-9DA8-7C01725FE6AB}.Release|x64.Build.0 = Release|Any CPU
		{7C4A403C-32C3-4D04-9DA8-7C01725FE6AB}.Release|x86.ActiveCfg = Release|Any CPU
		{7C4A403C-32C3-4D04-9DA8-7C01725FE6AB}.Release|x86.Build.0 = Release|Any CPU
		{EC0EE621-F050-450F-87C3-7A9E2EED27F0}.Debug|Any CPU.ActiveCfg = Debug|Any CPU
		{EC0EE621-F050-450F-87C3-7A9E2EED27F0}.Debug|Any CPU.Build.0 = Debug|Any CPU
		{EC0EE621-F050-450F-87C3-7A9E2EED27F0}.Debug|x64.ActiveCfg = Debug|Any CPU
		{EC0EE621-F050-450F-87C3-7A9E2EED27F0}.Debug|x64.Build.0 = Debug|Any CPU
		{EC0EE621-F050-450F-87C3-7A9E2EED27F0}.Debug|x86.ActiveCfg = Debug|Any CPU
		{EC0EE621-F050-450F-87C3-7A9E2EED27F0}.Debug|x86.Build.0 = Debug|Any CPU
		{EC0EE621-F050-450F-87C3-7A9E2EED27F0}.Release|Any CPU.ActiveCfg = Release|Any CPU
		{EC0EE621-F050-450F-87C3-7A9E2EED27F0}.Release|Any CPU.Build.0 = Release|Any CPU
		{EC0EE621-F050-450F-87C3-7A9E2EED27F0}.Release|x64.ActiveCfg = Release|Any CPU
		{EC0EE621-F050-450F-87C3-7A9E2EED27F0}.Release|x64.Build.0 = Release|Any CPU
		{EC0EE621-F050-450F-87C3-7A9E2EED27F0}.Release|x86.ActiveCfg = Release|Any CPU
		{EC0EE621-F050-450F-87C3-7A9E2EED27F0}.Release|x86.Build.0 = Release|Any CPU
		{1E6D7CF7-2AA4-4173-9154-0D567D423707}.Debug|Any CPU.ActiveCfg = Debug|Any CPU
		{1E6D7CF7-2AA4-4173-9154-0D567D423707}.Debug|Any CPU.Build.0 = Debug|Any CPU
		{1E6D7CF7-2AA4-4173-9154-0D567D423707}.Debug|x64.ActiveCfg = Debug|Any CPU
		{1E6D7CF7-2AA4-4173-9154-0D567D423707}.Debug|x64.Build.0 = Debug|Any CPU
		{1E6D7CF7-2AA4-4173-9154-0D567D423707}.Debug|x86.ActiveCfg = Debug|Any CPU
		{1E6D7CF7-2AA4-4173-9154-0D567D423707}.Debug|x86.Build.0 = Debug|Any CPU
		{1E6D7CF7-2AA4-4173-9154-0D567D423707}.Release|Any CPU.ActiveCfg = Release|Any CPU
		{1E6D7CF7-2AA4-4173-9154-0D567D423707}.Release|Any CPU.Build.0 = Release|Any CPU
		{1E6D7CF7-2AA4-4173-9154-0D567D423707}.Release|x64.ActiveCfg = Release|Any CPU
		{1E6D7CF7-2AA4-4173-9154-0D567D423707}.Release|x64.Build.0 = Release|Any CPU
		{1E6D7CF7-2AA4-4173-9154-0D567D423707}.Release|x86.ActiveCfg = Release|Any CPU
		{1E6D7CF7-2AA4-4173-9154-0D567D423707}.Release|x86.Build.0 = Release|Any CPU
		{412C2694-A808-4227-B069-981806FF70E1}.Debug|Any CPU.ActiveCfg = Debug|Any CPU
		{412C2694-A808-4227-B069-981806FF70E1}.Debug|Any CPU.Build.0 = Debug|Any CPU
		{412C2694-A808-4227-B069-981806FF70E1}.Debug|x64.ActiveCfg = Debug|x64
		{412C2694-A808-4227-B069-981806FF70E1}.Debug|x64.Build.0 = Debug|x64
		{412C2694-A808-4227-B069-981806FF70E1}.Debug|x86.ActiveCfg = Debug|x86
		{412C2694-A808-4227-B069-981806FF70E1}.Debug|x86.Build.0 = Debug|x86
		{412C2694-A808-4227-B069-981806FF70E1}.Release|Any CPU.ActiveCfg = Release|Any CPU
		{412C2694-A808-4227-B069-981806FF70E1}.Release|Any CPU.Build.0 = Release|Any CPU
		{412C2694-A808-4227-B069-981806FF70E1}.Release|x64.ActiveCfg = Release|x64
		{412C2694-A808-4227-B069-981806FF70E1}.Release|x64.Build.0 = Release|x64
		{412C2694-A808-4227-B069-981806FF70E1}.Release|x86.ActiveCfg = Release|x86
		{412C2694-A808-4227-B069-981806FF70E1}.Release|x86.Build.0 = Release|x86
	EndGlobalSection
	GlobalSection(SolutionProperties) = preSolution
		HideSolutionNode = FALSE
	EndGlobalSection
	GlobalSection(NestedProjects) = preSolution
		{412C2694-A808-4227-B069-981806FF70E1} = {983DD3D9-2F13-4CA3-9F93-038AAA803110}
	EndGlobalSection
	GlobalSection(ExtensibilityGlobals) = postSolution
		SolutionGuid = {DEDA4379-0771-4304-8073-328F8871E5EF}
	EndGlobalSection
EndGlobal
